<?xml version="1.0" encoding="utf-8"?>
<Project ToolsVersion="4.0" xmlns="http://schemas.microsoft.com/developer/msbuild/2003">
  <ItemGroup>
    <Filter Include="Source Files">
      <UniqueIdentifier>{4FC737F1-C7A5-4376-A066-2A32D752A2FF}</UniqueIdentifier>
      <Extensions>cpp;c;cc;cxx;def;odl;idl;hpj;bat;asm;asmx</Extensions>
    </Filter>
    <Filter Include="Header Files">
      <UniqueIdentifier>{93995380-89BD-4b04-88EB-625FBE52EBFB}</UniqueIdentifier>
      <Extensions>h;hh;hpp;hxx;hm;inl;inc;ipp;xsd</Extensions>
    </Filter>
    <Filter Include="Resource Files">
      <UniqueIdentifier>{67DA6AB6-F800-4c08-8B7A-83BB121AAD01}</UniqueIdentifier>
      <Extensions>rc;ico;cur;bmp;dlg;rc2;rct;bin;rgs;gif;jpg;jpeg;jpe;resx;tiff;tif;png;wav;mfcribbon-ms</Extensions>
    </Filter>
    <Filter Include="Header Files\components">
      <UniqueIdentifier>{64c586de-a5ba-410d-b88f-4ccf5a9ca0b2}</UniqueIdentifier>
    </Filter>
    <Filter Include="Header Files\systems">
      <UniqueIdentifier>{8960602e-80b2-48b9-a01a-fecd6eadc1cb}</UniqueIdentifier>
    </Filter>
    <Filter Include="Source Files\systems">
      <UniqueIdentifier>{281f8d2e-c9f7-41d9-9ff5-979aa3f78a37}</UniqueIdentifier>
    </Filter>
  </ItemGroup>
  <ItemGroup>
    <ClCompile Include="ConsoleGame.cpp">
      <Filter>Source Files</Filter>
    </ClCompile>
    <ClCompile Include="ComponentContainer.cpp">
      <Filter>Source Files</Filter>
    </ClCompile>
    <ClCompile Include="FightSystem.cpp">
      <Filter>Source Files\systems</Filter>
    </ClCompile>
    <ClCompile Include="SkillSystem.cpp">
      <Filter>Source Files\systems</Filter>
    </ClCompile>
  </ItemGroup>
  <ItemGroup>
    <ClInclude Include="Component.h">
      <Filter>Header Files</Filter>
    </ClInclude>
    <ClInclude Include="Entity.h">
      <Filter>Header Files</Filter>
    </ClInclude>
    <ClInclude Include="EntityContainer.h">
      <Filter>Header Files</Filter>
    </ClInclude>
    <ClInclude Include="ComponentContainer.h">
      <Filter>Header Files</Filter>
    </ClInclude>
    <ClInclude Include="System.h">
      <Filter>Header Files</Filter>
    </ClInclude>
    <ClInclude Include="EntityManager.h">
      <Filter>Header Files</Filter>
    </ClInclude>
    <ClInclude Include="InfoComponent.h">
      <Filter>Header Files\components</Filter>
    </ClInclude>
    <ClInclude Include="WeaponComponent.h">
      <Filter>Header Files\components</Filter>
    </ClInclude>
    <ClInclude Include="DefensiveItems.h">
      <Filter>Header Files\components</Filter>
    </ClInclude>
    <ClInclude Include="PotionItem.h">
      <Filter>Header Files\components</Filter>
    </ClInclude>
    <ClInclude Include="LifeComponent.h">
      <Filter>Header Files\components</Filter>
    </ClInclude>
    <ClInclude Include="SystemDefs.h">
      <Filter>Header Files\systems</Filter>
    </ClInclude>
    <ClInclude Include="TargetComponent.h">
      <Filter>Header Files\components</Filter>
    </ClInclude>
    <ClInclude Include="FightSystem.h">
      <Filter>Header Files\systems</Filter>
    </ClInclude>
    <ClInclude Include="ComponentTypes.h">
      <Filter>Header Files\components</Filter>
    </ClInclude>
    <ClInclude Include="InitiativeComponent.h">
      <Filter>Header Files\components</Filter>
    </ClInclude>
    <ClInclude Include="StatusComponent.h">
      <Filter>Header Files\components</Filter>
    </ClInclude>
    <ClInclude Include="SkillComponents.h">
      <Filter>Header Files\components</Filter>
    </ClInclude>
    <ClInclude Include="SkillSystem.h">
      <Filter>Header Files\systems</Filter>
    </ClInclude>
  </ItemGroup>
</Project>